
Microsoft Visual Studio Solution File, Format Version 12.00
# Visual Studio Version 17
VisualStudioVersion = 17.0.31903.59
MinimumVisualStudioVersion = 10.0.40219.1
Project("{2150E333-8FDC-42A3-9474-1A3956D46DE8}") = "src", "src", "{D28FE4F4-826F-407C-94DA-99D271BD332F}"
EndProject
Project("{FAE04EC0-301F-11D3-BF4B-00C04F79EFBC}") = "DotnetTerraform.Cli", "src\DotnetTerraform.Cli\DotnetTerraform.Cli.csproj", "{97F0CB6A-10BE-4373-BB4F-6E2A7324ECE6}"
EndProject
Global
	GlobalSection(SolutionConfigurationPlatforms) = preSolution
		Debug|Any CPU = Debug|Any CPU
		Release|Any CPU = Release|Any CPU
	EndGlobalSection
	GlobalSection(SolutionProperties) = preSolution
		HideSolutionNode = FALSE
	EndGlobalSection
	GlobalSection(ProjectConfigurationPlatforms) = postSolution
		{97F0CB6A-10BE-4373-BB4F-6E2A7324ECE6}.Debug|Any CPU.ActiveCfg = Debug|Any CPU
		{97F0CB6A-10BE-4373-BB4F-6E2A7324ECE6}.Debug|Any CPU.Build.0 = Debug|Any CPU
		{97F0CB6A-10BE-4373-BB4F-6E2A7324ECE6}.Release|Any CPU.ActiveCfg = Release|Any CPU
		{97F0CB6A-10BE-4373-BB4F-6E2A7324ECE6}.Release|Any CPU.Build.0 = Release|Any CPU
	EndGlobalSection
	GlobalSection(NestedProjects) = preSolution
		{97F0CB6A-10BE-4373-BB4F-6E2A7324ECE6} = {D28FE4F4-826F-407C-94DA-99D271BD332F}
	EndGlobalSection
EndGlobal
